
Microsoft Visual Studio Solution File, Format Version 12.00
# Visual Studio Version 16
VisualStudioVersion = 16.0.31410.357
MinimumVisualStudioVersion = 10.0.40219.1
Project("{9A19103F-16F7-4668-BE54-9A1E7A4F7556}") = "WebApplicationCore", "WebApplicationCore\WebApplicationCore.csproj", "{5DA3B4CD-02AB-4D1C-9C8E-87002DB2D550}"
EndProject
Project("{00D1A9C2-B5F0-4AF3-8072-F6C62B433612}") = "DataBase", "DataBase\DataBase.sqlproj", "{305CCB51-D836-4CBD-BD4C-757286527576}"
EndProject
Project("{9A19103F-16F7-4668-BE54-9A1E7A4F7556}") = "DB", "DB\DB.csproj", "{DDDAA305-F820-4B62-A05E-3AF0B9A27849}"
EndProject
Project("{9A19103F-16F7-4668-BE54-9A1E7A4F7556}") = "Entity", "Entity\Entity.csproj", "{42A5D45E-5815-4D42-866B-C08C7275B283}"
EndProject
Project("{9A19103F-16F7-4668-BE54-9A1E7A4F7556}") = "WBL", "WBL\WBL.csproj", "{0FDE04D1-708E-4635-A713-D58145236FC0}"
EndProject
Global
	GlobalSection(SolutionConfigurationPlatforms) = preSolution
		Debug|Any CPU = Debug|Any CPU
		Release|Any CPU = Release|Any CPU
	EndGlobalSection
	GlobalSection(ProjectConfigurationPlatforms) = postSolution
		{5DA3B4CD-02AB-4D1C-9C8E-87002DB2D550}.Debug|Any CPU.ActiveCfg = Debug|Any CPU
		{5DA3B4CD-02AB-4D1C-9C8E-87002DB2D550}.Debug|Any CPU.Build.0 = Debug|Any CPU
		{5DA3B4CD-02AB-4D1C-9C8E-87002DB2D550}.Release|Any CPU.ActiveCfg = Release|Any CPU
		{5DA3B4CD-02AB-4D1C-9C8E-87002DB2D550}.Release|Any CPU.Build.0 = Release|Any CPU
		{305CCB51-D836-4CBD-BD4C-757286527576}.Debug|Any CPU.ActiveCfg = Debug|Any CPU
		{305CCB51-D836-4CBD-BD4C-757286527576}.Debug|Any CPU.Build.0 = Debug|Any CPU
		{305CCB51-D836-4CBD-BD4C-757286527576}.Debug|Any CPU.Deploy.0 = Debug|Any CPU
		{305CCB51-D836-4CBD-BD4C-757286527576}.Release|Any CPU.ActiveCfg = Release|Any CPU
		{305CCB51-D836-4CBD-BD4C-757286527576}.Release|Any CPU.Build.0 = Release|Any CPU
		{305CCB51-D836-4CBD-BD4C-757286527576}.Release|Any CPU.Deploy.0 = Release|Any CPU
		{DDDAA305-F820-4B62-A05E-3AF0B9A27849}.Debug|Any CPU.ActiveCfg = Debug|Any CPU
		{DDDAA305-F820-4B62-A05E-3AF0B9A27849}.Debug|Any CPU.Build.0 = Debug|Any CPU
		{DDDAA305-F820-4B62-A05E-3AF0B9A27849}.Release|Any CPU.ActiveCfg = Release|Any CPU
		{DDDAA305-F820-4B62-A05E-3AF0B9A27849}.Release|Any CPU.Build.0 = Release|Any CPU
		{42A5D45E-5815-4D42-866B-C08C7275B283}.Debug|Any CPU.ActiveCfg = Debug|Any CPU
		{42A5D45E-5815-4D42-866B-C08C7275B283}.Debug|Any CPU.Build.0 = Debug|Any CPU
		{42A5D45E-5815-4D42-866B-C08C7275B283}.Release|Any CPU.ActiveCfg = Release|Any CPU
		{42A5D45E-5815-4D42-866B-C08C7275B283}.Release|Any CPU.Build.0 = Release|Any CPU
		{0FDE04D1-708E-4635-A713-D58145236FC0}.Debug|Any CPU.ActiveCfg = Debug|Any CPU
		{0FDE04D1-708E-4635-A713-D58145236FC0}.Debug|Any CPU.Build.0 = Debug|Any CPU
		{0FDE04D1-708E-4635-A713-D58145236FC0}.Release|Any CPU.ActiveCfg = Release|Any CPU
		{0FDE04D1-708E-4635-A713-D58145236FC0}.Release|Any CPU.Build.0 = Release|Any CPU
	EndGlobalSection
	GlobalSection(SolutionProperties) = preSolution
		HideSolutionNode = FALSE
	EndGlobalSection
	GlobalSection(ExtensibilityGlobals) = postSolution
		SolutionGuid = {D324BFA1-39F8-4E5E-9711-E8865BC71D02}
	EndGlobalSection
EndGlobal
